
Microsoft Visual Studio Solution File, Format Version 12.00
# Visual Studio Version 16
VisualStudioVersion = 16.0.30804.86
MinimumVisualStudioVersion = 10.0.40219.1
Project("{FAE04EC0-301F-11D3-BF4B-00C04F79EFBC}") = "DotNetFull", "DotNetFull\DotNetFull.csproj", "{4A17F6FB-2813-4D48-AB38-771D611A7AC9}"
EndProject
Global
	GlobalSection(SolutionConfigurationPlatforms) = preSolution
		Debug|Any CPU = Debug|Any CPU
		Release|Any CPU = Release|Any CPU
	EndGlobalSection
	GlobalSection(ProjectConfigurationPlatforms) = postSolution
		{4A17F6FB-2813-4D48-AB38-771D611A7AC9}.Debug|Any CPU.ActiveCfg = Debug|Any CPU
		{4A17F6FB-2813-4D48-AB38-771D611A7AC9}.Debug|Any CPU.Build.0 = Debug|Any CPU
		{4A17F6FB-2813-4D48-AB38-771D611A7AC9}.Release|Any CPU.ActiveCfg = Release|Any CPU
		{4A17F6FB-2813-4D48-AB38-771D611A7AC9}.Release|Any CPU.Build.0 = Release|Any CPU
	EndGlobalSection
	GlobalSection(SolutionProperties) = preSolution
		HideSolutionNode = FALSE
	EndGlobalSection
	GlobalSection(ExtensibilityGlobals) = postSolution
		SolutionGuid = {0041D088-57A0-4CC6-8DBF-614064659AD6}
	EndGlobalSection
EndGlobal
